// !$*UTF8*$!
{
	archiveVersion = 1;
	classes = {
	};
	objectVersion = 51;
	objects = {

/* Begin PBXBuildFile section */
		822EF33C2542CBF600756B40 /* GoogleService-Info.plist in Resources */ = {isa = PBXBuildFile; fileRef = 822EF33B2542CBF600756B40 /* GoogleService-Info.plist */; };
		82634D43254AAB66006050CF /* LoginViewController.swift in Sources */ = {isa = PBXBuildFile; fileRef = 82634D42254AAB66006050CF /* LoginViewController.swift */; };
		827229F1254035E000FFF688 /* AppDelegate.swift in Sources */ = {isa = PBXBuildFile; fileRef = 827229F0254035E000FFF688 /* AppDelegate.swift */; };
		827229F3254035E000FFF688 /* SceneDelegate.swift in Sources */ = {isa = PBXBuildFile; fileRef = 827229F2254035E000FFF688 /* SceneDelegate.swift */; };
		827229F5254035E000FFF688 /* ViewController.swift in Sources */ = {isa = PBXBuildFile; fileRef = 827229F4254035E000FFF688 /* ViewController.swift */; };
		827229F8254035E000FFF688 /* Main.storyboard in Resources */ = {isa = PBXBuildFile; fileRef = 827229F6254035E000FFF688 /* Main.storyboard */; };
		827229FA254035E100FFF688 /* Assets.xcassets in Resources */ = {isa = PBXBuildFile; fileRef = 827229F9254035E100FFF688 /* Assets.xcassets */; };
		827229FD254035E100FFF688 /* LaunchScreen.storyboard in Resources */ = {isa = PBXBuildFile; fileRef = 827229FB254035E100FFF688 /* LaunchScreen.storyboard */; };
		8278B9CE25483B54004BD0A5 /* RemoteConfigDefaults.plist in Resources */ = {isa = PBXBuildFile; fileRef = 8278B9CD25483B54004BD0A5 /* RemoteConfigDefaults.plist */; };
		DF6534CFACBA019E644CAAA8 /* Pods_Lamoti.framework in Frameworks */ = {isa = PBXBuildFile; fileRef = F4540D17EFED53C76EC1C236 /* Pods_Lamoti.framework */; };
/* End PBXBuildFile section */

/* Begin PBXFileReference section */
		822EF33B2542CBF600756B40 /* GoogleService-Info.plist */ = {isa = PBXFileReference; fileEncoding = 4; lastKnownFileType = text.plist.xml; path = "GoogleService-Info.plist"; sourceTree = "<group>"; };
		82634D42254AAB66006050CF /* LoginViewController.swift */ = {isa = PBXFileReference; lastKnownFileType = sourcecode.swift; path = LoginViewController.swift; sourceTree = "<group>"; };
		827229ED254035E000FFF688 /* Lamoti.app */ = {isa = PBXFileReference; explicitFileType = wrapper.application; includeInIndex = 0; path = Lamoti.app; sourceTree = BUILT_PRODUCTS_DIR; };
		827229F0254035E000FFF688 /* AppDelegate.swift */ = {isa = PBXFileReference; lastKnownFileType = sourcecode.swift; path = AppDelegate.swift; sourceTree = "<group>"; };
		827229F2254035E000FFF688 /* SceneDelegate.swift */ = {isa = PBXFileReference; lastKnownFileType = sourcecode.swift; path = SceneDelegate.swift; sourceTree = "<group>"; };
		827229F4254035E000FFF688 /* ViewController.swift */ = {isa = PBXFileReference; lastKnownFileType = sourcecode.swift; path = ViewController.swift; sourceTree = "<group>"; };
		827229F7254035E000FFF688 /* Base */ = {isa = PBXFileReference; lastKnownFileType = file.storyboard; name = Base; path = Base.lproj/Main.storyboard; sourceTree = "<group>"; };
		827229F9254035E100FFF688 /* Assets.xcassets */ = {isa = PBXFileReference; lastKnownFileType = folder.assetcatalog; path = Assets.xcassets; sourceTree = "<group>"; };
		827229FC254035E100FFF688 /* Base */ = {isa = PBXFileReference; lastKnownFileType = file.storyboard; name = Base; path = Base.lproj/LaunchScreen.storyboard; sourceTree = "<group>"; };
		827229FE254035E100FFF688 /* Info.plist */ = {isa = PBXFileReference; lastKnownFileType = text.plist.xml; path = Info.plist; sourceTree = "<group>"; };
		8278B9CD25483B54004BD0A5 /* RemoteConfigDefaults.plist */ = {isa = PBXFileReference; lastKnownFileType = text.plist.xml; path = RemoteConfigDefaults.plist; sourceTree = "<group>"; };
		9DF049DE4EE1858A73357112 /* Pods-Lamoti.debug.xcconfig */ = {isa = PBXFileReference; includeInIndex = 1; lastKnownFileType = text.xcconfig; name = "Pods-Lamoti.debug.xcconfig"; path = "Target Support Files/Pods-Lamoti/Pods-Lamoti.debug.xcconfig"; sourceTree = "<group>"; };
		D50F03894914AB6E33859BC2 /* Pods-Lamoti.release.xcconfig */ = {isa = PBXFileReference; includeInIndex = 1; lastKnownFileType = text.xcconfig; name = "Pods-Lamoti.release.xcconfig"; path = "Target Support Files/Pods-Lamoti/Pods-Lamoti.release.xcconfig"; sourceTree = "<group>"; };
		F4540D17EFED53C76EC1C236 /* Pods_Lamoti.framework */ = {isa = PBXFileReference; explicitFileType = wrapper.framework; includeInIndex = 0; path = Pods_Lamoti.framework; sourceTree = BUILT_PRODUCTS_DIR; };
/* End PBXFileReference section */

/* Begin PBXFrameworksBuildPhase section */
		827229EA254035DF00FFF688 /* Frameworks */ = {
			isa = PBXFrameworksBuildPhase;
			buildActionMask = 2147483647;
			files = (
				DF6534CFACBA019E644CAAA8 /* Pods_Lamoti.framework in Frameworks */,
			);
			runOnlyForDeploymentPostprocessing = 0;
		};
/* End PBXFrameworksBuildPhase section */

/* Begin PBXGroup section */
		603FE0D330C4846E1A9FD89D /* Pods */ = {
			isa = PBXGroup;
			children = (
				9DF049DE4EE1858A73357112 /* Pods-Lamoti.debug.xcconfig */,
				D50F03894914AB6E33859BC2 /* Pods-Lamoti.release.xcconfig */,
			);
			path = Pods;
			sourceTree = "<group>";
		};
		82634D41254AAB4B006050CF /* ViewControllers */ = {
			isa = PBXGroup;
			children = (
				82634D42254AAB66006050CF /* LoginViewController.swift */,
			);
			path = ViewControllers;
			sourceTree = "<group>";
		};
		827229E4254035DF00FFF688 = {
			isa = PBXGroup;
			children = (
				827229EF254035E000FFF688 /* Lamoti */,
				827229EE254035E000FFF688 /* Products */,
				603FE0D330C4846E1A9FD89D /* Pods */,
				D38358027DD2461C05A12AB4 /* Frameworks */,
			);
			sourceTree = "<group>";
		};
		827229EE254035E000FFF688 /* Products */ = {
			isa = PBXGroup;
			children = (
				827229ED254035E000FFF688 /* Lamoti.app */,
			);
			name = Products;
			sourceTree = "<group>";
		};
		827229EF254035E000FFF688 /* Lamoti */ = {
			isa = PBXGroup;
			children = (
				82634D41254AAB4B006050CF /* ViewControllers */,
				827229F0254035E000FFF688 /* AppDelegate.swift */,
				827229F2254035E000FFF688 /* SceneDelegate.swift */,
				827229F4254035E000FFF688 /* ViewController.swift */,
				827229F6254035E000FFF688 /* Main.storyboard */,
				827229F9254035E100FFF688 /* Assets.xcassets */,
				827229FB254035E100FFF688 /* LaunchScreen.storyboard */,
				827229FE254035E100FFF688 /* Info.plist */,
				822EF33B2542CBF600756B40 /* GoogleService-Info.plist */,
				8278B9CD25483B54004BD0A5 /* RemoteConfigDefaults.plist */,
			);
			path = Lamoti;
			sourceTree = "<group>";
		};
		D38358027DD2461C05A12AB4 /* Frameworks */ = {
			isa = PBXGroup;
			children = (
				F4540D17EFED53C76EC1C236 /* Pods_Lamoti.framework */,
			);
			name = Frameworks;
			sourceTree = "<group>";
		};
/* End PBXGroup section */

/* Begin PBXNativeTarget section */
		827229EC254035DF00FFF688 /* Lamoti */ = {
			isa = PBXNativeTarget;
			buildConfigurationList = 82722A01254035E100FFF688 /* Build configuration list for PBXNativeTarget "Lamoti" */;
			buildPhases = (
				035D1714CDCC7ECD81A1771F /* [CP] Check Pods Manifest.lock */,
				827229E9254035DF00FFF688 /* Sources */,
				827229EA254035DF00FFF688 /* Frameworks */,
				827229EB254035DF00FFF688 /* Resources */,
				2A7871ECEE55D083F6D1C209 /* [CP] Embed Pods Frameworks */,
			);
			buildRules = (
			);
			dependencies = (
			);
			name = Lamoti;
			productName = Lamoti;
			productReference = 827229ED254035E000FFF688 /* Lamoti.app */;
			productType = "com.apple.product-type.application";
		};
/* End PBXNativeTarget section */

/* Begin PBXProject section */
		827229E5254035DF00FFF688 /* Project object */ = {
			isa = PBXProject;
			attributes = {
				LastSwiftUpdateCheck = 1200;
				LastUpgradeCheck = 1200;
				TargetAttributes = {
					827229EC254035DF00FFF688 = {
						CreatedOnToolsVersion = 12.0.1;
					};
				};
			};
			buildConfigurationList = 827229E8254035DF00FFF688 /* Build configuration list for PBXProject "Lamoti" */;
			compatibilityVersion = "Xcode 9.3";
			developmentRegion = en;
			hasScannedForEncodings = 0;
			knownRegions = (
				en,
				Base,
			);
			mainGroup = 827229E4254035DF00FFF688;
			productRefGroup = 827229EE254035E000FFF688 /* Products */;
			projectDirPath = "";
			projectRoot = "";
			targets = (
				827229EC254035DF00FFF688 /* Lamoti */,
			);
		};
/* End PBXProject section */

/* Begin PBXResourcesBuildPhase section */
		827229EB254035DF00FFF688 /* Resources */ = {
			isa = PBXResourcesBuildPhase;
			buildActionMask = 2147483647;
			files = (
				827229FD254035E100FFF688 /* LaunchScreen.storyboard in Resources */,
				8278B9CE25483B54004BD0A5 /* RemoteConfigDefaults.plist in Resources */,
				822EF33C2542CBF600756B40 /* GoogleService-Info.plist in Resources */,
				827229FA254035E100FFF688 /* Assets.xcassets in Resources */,
				827229F8254035E000FFF688 /* Main.storyboard in Resources */,
			);
			runOnlyForDeploymentPostprocessing = 0;
		};
/* End PBXResourcesBuildPhase section */

/* Begin PBXShellScriptBuildPhase section */
		035D1714CDCC7ECD81A1771F /* [CP] Check Pods Manifest.lock */ = {
			isa = PBXShellScriptBuildPhase;
			buildActionMask = 2147483647;
			files = (
			);
			inputFileListPaths = (
			);
			inputPaths = (
				"${PODS_PODFILE_DIR_PATH}/Podfile.lock",
				"${PODS_ROOT}/Manifest.lock",
			);
			name = "[CP] Check Pods Manifest.lock";
			outputFileListPaths = (
			);
			outputPaths = (
				"$(DERIVED_FILE_DIR)/Pods-Lamoti-checkManifestLockResult.txt",
			);
			runOnlyForDeploymentPostprocessing = 0;
			shellPath = /bin/sh;
			shellScript = "diff \"${PODS_PODFILE_DIR_PATH}/Podfile.lock\" \"${PODS_ROOT}/Manifest.lock\" > /dev/null\nif [ $? != 0 ] ; then\n    # print error to STDERR\n    echo \"error: The sandbox is not in sync with the Podfile.lock. Run 'pod install' or update your CocoaPods installation.\" >&2\n    exit 1\nfi\n# This output is used by Xcode 'outputs' to avoid re-running this script phase.\necho \"SUCCESS\" > \"${SCRIPT_OUTPUT_FILE_0}\"\n";
			showEnvVarsInLog = 0;
		};
		2A7871ECEE55D083F6D1C209 /* [CP] Embed Pods Frameworks */ = {
			isa = PBXShellScriptBuildPhase;
			buildActionMask = 2147483647;
			files = (
			);
			inputFileListPaths = (
				"${PODS_ROOT}/Target Support Files/Pods-Lamoti/Pods-Lamoti-frameworks-${CONFIGURATION}-input-files.xcfilelist",
			);
			name = "[CP] Embed Pods Frameworks";
			outputFileListPaths = (
				"${PODS_ROOT}/Target Support Files/Pods-Lamoti/Pods-Lamoti-frameworks-${CONFIGURATION}-output-files.xcfilelist",
			);
			runOnlyForDeploymentPostprocessing = 0;
			shellPath = /bin/sh;
			shellScript = "\"${PODS_ROOT}/Target Support Files/Pods-Lamoti/Pods-Lamoti-frameworks.sh\"\n";
			showEnvVarsInLog = 0;
		};
/* End PBXShellScriptBuildPhase section */

/* Begin PBXSourcesBuildPhase section */
		827229E9254035DF00FFF688 /* Sources */ = {
			isa = PBXSourcesBuildPhase;
			buildActionMask = 2147483647;
			files = (
				82634D43254AAB66006050CF /* LoginViewController.swift in Sources */,
				827229F5254035E000FFF688 /* ViewController.swift in Sources */,
				827229F1254035E000FFF688 /* AppDelegate.swift in Sources */,
				827229F3254035E000FFF688 /* SceneDelegate.swift in Sources */,
			);
			runOnlyForDeploymentPostprocessing = 0;
		};
/* End PBXSourcesBuildPhase section */

/* Begin PBXVariantGroup section */
		827229F6254035E000FFF688 /* Main.storyboard */ = {
			isa = PBXVariantGroup;
			children = (
				827229F7254035E000FFF688 /* Base */,
			);
			name = Main.storyboard;
			sourceTree = "<group>";
		};
		827229FB254035E100FFF688 /* LaunchScreen.storyboard */ = {
			isa = PBXVariantGroup;
			children = (
				827229FC254035E100FFF688 /* Base */,
			);
			name = LaunchScreen.storyboard;
			sourceTree = "<group>";
		};
/* End PBXVariantGroup section */

/* Begin XCBuildConfiguration section */
		827229FF254035E100FFF688 /* Debug */ = {
			isa = XCBuildConfiguration;
			buildSettings = {
				ALWAYS_SEARCH_USER_PATHS = NO;
				CLANG_ANALYZER_NONNULL = YES;
				CLANG_ANALYZER_NUMBER_OBJECT_CONVERSION = YES_AGGRESSIVE;
				CLANG_CXX_LANGUAGE_STANDARD = "gnu++14";
				CLANG_CXX_LIBRARY = "libc++";
				CLANG_ENABLE_MODULES = YES;
				CLANG_ENABLE_OBJC_ARC = YES;
				CLANG_ENABLE_OBJC_WEAK = YES;
				CLANG_WARN_BLOCK_CAPTURE_AUTORELEASING = YES;
				CLANG_WARN_BOOL_CONVERSION = YES;
				CLANG_WARN_COMMA = YES;
				CLANG_WARN_CONSTANT_CONVERSION = YES;
				CLANG_WARN_DEPRECATED_OBJC_IMPLEMENTATIONS = YES;
				CLANG_WARN_DIRECT_OBJC_ISA_USAGE = YES_ERROR;
				CLANG_WARN_DOCUMENTATION_COMMENTS = YES;
				CLANG_WARN_EMPTY_BODY = YES;
				CLANG_WARN_ENUM_CONVERSION = YES;
				CLANG_WARN_INFINITE_RECURSION = YES;
				CLANG_WARN_INT_CONVERSION = YES;
				CLANG_WARN_NON_LITERAL_NULL_CONVERSION = YES;
				CLANG_WARN_OBJC_IMPLICIT_RETAIN_SELF = YES;
				CLANG_WARN_OBJC_LITERAL_CONVERSION = YES;
				CLANG_WARN_OBJC_ROOT_CLASS = YES_ERROR;
				CLANG_WARN_QUOTED_INCLUDE_IN_FRAMEWORK_HEADER = YES;
				CLANG_WARN_RANGE_LOOP_ANALYSIS = YES;
				CLANG_WARN_STRICT_PROTOTYPES = YES;
				CLANG_WARN_SUSPICIOUS_MOVE = YES;
				CLANG_WARN_UNGUARDED_AVAILABILITY = YES_AGGRESSIVE;
				CLANG_WARN_UNREACHABLE_CODE = YES;
				CLANG_WARN__DUPLICATE_METHOD_MATCH = YES;
				COPY_PHASE_STRIP = NO;
				DEBUG_INFORMATION_FORMAT = dwarf;
				ENABLE_STRICT_OBJC_MSGSEND = YES;
				ENABLE_TESTABILITY = YES;
				GCC_C_LANGUAGE_STANDARD = gnu11;
				GCC_DYNAMIC_NO_PIC = NO;
				GCC_NO_COMMON_BLOCKS = YES;
				GCC_OPTIMIZATION_LEVEL = 0;
				GCC_PREPROCESSOR_DEFINITIONS = (
					"DEBUG=1",
					"$(inherited)",
				);
				GCC_WARN_64_TO_32_BIT_CONVERSION = YES;
				GCC_WARN_ABOUT_RETURN_TYPE = YES_ERROR;
				GCC_WARN_UNDECLARED_SELECTOR = YES;
				GCC_WARN_UNINITIALIZED_AUTOS = YES_AGGRESSIVE;
				GCC_WARN_UNUSED_FUNCTION = YES;
				GCC_WARN_UNUSED_VARIABLE = YES;
				IPHONEOS_DEPLOYMENT_TARGET = 14.0;
				MTL_ENABLE_DEBUG_INFO = INCLUDE_SOURCE;
				MTL_FAST_MATH = YES;
				ONLY_ACTIVE_ARCH = YES;
				SDKROOT = iphoneos;
				SWIFT_ACTIVE_COMPILATION_CONDITIONS = DEBUG;
				SWIFT_OPTIMIZATION_LEVEL = "-Onone";
			};
			name = Debug;
		};
		82722A00254035E100FFF688 /* Release */ = {
			isa = XCBuildConfiguration;
			buildSettings = {
				ALWAYS_SEARCH_USER_PATHS = NO;
				CLANG_ANALYZER_NONNULL = YES;
				CLANG_ANALYZER_NUMBER_OBJECT_CONVERSION = YES_AGGRESSIVE;
				CLANG_CXX_LANGUAGE_STANDARD = "gnu++14";
				CLANG_CXX_LIBRARY = "libc++";
				CLANG_ENABLE_MODULES = YES;
				CLANG_ENABLE_OBJC_ARC = YES;
				CLANG_ENABLE_OBJC_WEAK = YES;
				CLANG_WARN_BLOCK_CAPTURE_AUTORELEASING = YES;
				CLANG_WARN_BOOL_CONVERSION = YES;
				CLANG_WARN_COMMA = YES;
				CLANG_WARN_CONSTANT_CONVERSION = YES;
				CLANG_WARN_DEPRECATED_OBJC_IMPLEMENTATIONS = YES;
				CLANG_WARN_DIRECT_OBJC_ISA_USAGE = YES_ERROR;
				CLANG_WARN_DOCUMENTATION_COMMENTS = YES;
				CLANG_WARN_EMPTY_BODY = YES;
				CLANG_WARN_ENUM_CONVERSION = YES;
				CLANG_WARN_INFINITE_RECURSION = YES;
				CLANG_WARN_INT_CONVERSION = YES;
				CLANG_WARN_NON_LITERAL_NULL_CONVERSION = YES;
				CLANG_WARN_OBJC_IMPLICIT_RETAIN_SELF = YES;
				CLANG_WARN_OBJC_LITERAL_CONVERSION = YES;
				CLANG_WARN_OBJC_ROOT_CLASS = YES_ERROR;
				CLANG_WARN_QUOTED_INCLUDE_IN_FRAMEWORK_HEADER = YES;
				CLANG_WARN_RANGE_LOOP_ANALYSIS = YES;
				CLANG_WARN_STRICT_PROTOTYPES = YES;
				CLANG_WARN_SUSPICIOUS_MOVE = YES;
				CLANG_WARN_UNGUARDED_AVAILABILITY = YES_AGGRESSIVE;
				CLANG_WARN_UNREACHABLE_CODE = YES;
				CLANG_WARN__DUPLICATE_METHOD_MATCH = YES;
				COPY_PHASE_STRIP = NO;
				DEBUG_INFORMATION_FORMAT = "dwarf-with-dsym";
				ENABLE_NS_ASSERTIONS = NO;
				ENABLE_STRICT_OBJC_MSGSEND = YES;
				GCC_C_LANGUAGE_STANDARD = gnu11;
				GCC_NO_COMMON_BLOCKS = YES;
				GCC_WARN_64_TO_32_BIT_CONVERSION = YES;
				GCC_WARN_ABOUT_RETURN_TYPE = YES_ERROR;
				GCC_WARN_UNDECLARED_SELECTOR = YES;
				GCC_WARN_UNINITIALIZED_AUTOS = YES_AGGRESSIVE;
				GCC_WARN_UNUSED_FUNCTION = YES;
				GCC_WARN_UNUSED_VARIABLE = YES;
				IPHONEOS_DEPLOYMENT_TARGET = 14.0;
				MTL_ENABLE_DEBUG_INFO = NO;
				MTL_FAST_MATH = YES;
				SDKROOT = iphoneos;
				SWIFT_COMPILATION_MODE = wholemodule;
				SWIFT_OPTIMIZATION_LEVEL = "-O";
				VALIDATE_PRODUCT = YES;
			};
			name = Release;
		};
		82722A02254035E100FFF688 /* Debug */ = {
			isa = XCBuildConfiguration;
			baseConfigurationReference = 9DF049DE4EE1858A73357112 /* Pods-Lamoti.debug.xcconfig */;
			buildSettings = {
				ASSETCATALOG_COMPILER_APPICON_NAME = AppIcon;
				ASSETCATALOG_COMPILER_GLOBAL_ACCENT_COLOR_NAME = AccentColor;
				CODE_SIGN_STYLE = Automatic;
				DEVELOPMENT_TEAM = XJHDNUWBP6;
				INFOPLIST_FILE = Lamoti/Info.plist;
				LD_RUNPATH_SEARCH_PATHS = (
					"$(inherited)",
					"@executable_path/Frameworks",
				);
				PRODUCT_BUNDLE_IDENTIFIER = com.Lamoti;
				PRODUCT_NAME = "$(TARGET_NAME)";
				SWIFT_VERSION = 5.0;
				TARGETED_DEVICE_FAMILY = "1,2";
			};
			name = Debug;
		};
		82722A03254035E100FFF688 /* Release */ = {
			isa = XCBuildConfiguration;
			baseConfigurationReference = D50F03894914AB6E33859BC2 /* Pods-Lamoti.release.xcconfig */;
			buildSettings = {
				ASSETCATALOG_COMPILER_APPICON_NAME = AppIcon;
				ASSETCATALOG_COMPILER_GLOBAL_ACCENT_COLOR_NAME = AccentColor;
				CODE_SIGN_STYLE = Automatic;
				DEVELOPMENT_TEAM = XJHDNUWBP6;
				INFOPLIST_FILE = Lamoti/Info.plist;
				LD_RUNPATH_SEARCH_PATHS = (
					"$(inherited)",
					"@executable_path/Frameworks",
				);
				PRODUCT_BUNDLE_IDENTIFIER = com.Lamoti;
				PRODUCT_NAME = "$(TARGET_NAME)";
				SWIFT_VERSION = 5.0;
				TARGETED_DEVICE_FAMILY = "1,2";
			};
			name = Release;
		};
/* End XCBuildConfiguration section */

/* Begin XCConfigurationList section */
		827229E8254035DF00FFF688 /* Build configuration list for PBXProject "Lamoti" */ = {
			isa = XCConfigurationList;
			buildConfigurations = (
				827229FF254035E100FFF688 /* Debug */,
				82722A00254035E100FFF688 /* Release */,
			);
			defaultConfigurationIsVisible = 0;
			defaultConfigurationName = Release;
		};
		82722A01254035E100FFF688 /* Build configuration list for PBXNativeTarget "Lamoti" */ = {
			isa = XCConfigurationList;
			buildConfigurations = (
				82722A02254035E100FFF688 /* Debug */,
				82722A03254035E100FFF688 /* Release */,
			);
			defaultConfigurationIsVisible = 0;
			defaultConfigurationName = Release;
		};
/* End XCConfigurationList section */
	};
	rootObject = 827229E5254035DF00FFF688 /* Project object */;
}
